{
  "version": "4",
  "specifiers": {
    "npm:@graphql-typed-document-node/core@^3.2.0": "3.2.0_graphql@16.10.0",
    "npm:@graphql-typed-document-node/graphql@1": "1.0.0_graphql@15.10.1",
    "npm:@types/node@^22.13.0": "22.13.10"
  },
  "npm": {
    "@graphql-typed-document-node/core@1.0.0_graphql@15.10.1": {
      "integrity": "sha512-2YMEVS0Sla73AtRe7H/uo4W3xKj0cvtCYeLJe8ZMP44YKWEcowy9mr4r4H5d/SDO1hLqOccSgJaHmokciML3nw==",
      "dependencies": [
        "graphql@15.10.1"
      ]
    },
    "@graphql-typed-document-node/core@3.2.0_graphql@16.10.0": {
      "integrity": "sha512-mB9oAsNCm9aM3/SOv4YtBMqZbYj10R7dkq8byBqxGY/ncFwhf2oQzMV+LCRlWoDSEBJ3COiR1yeDvMtsoOsuFQ==",
      "dependencies": [
        "graphql@16.10.0"
      ]
    },
    "@graphql-typed-document-node/graphql@1.0.0_graphql@15.10.1": {
      "integrity": "sha512-EBI8q0J88GqRnqchajBltVyNYUJHXexGaTc6YVc7eAdb0HdDJgI40W0bxJm3bH+2ZbhuA73qMc/syDYgpIoooQ==",
      "dependencies": [
        "@graphql-typed-document-node/core@1.0.0_graphql@15.10.1",
        "graphql@15.10.1"
      ]
    },
    "@types/node@22.13.10": {
      "integrity": "sha512-I6LPUvlRH+O6VRUqYOcMudhaIdUVWfsjnZavnsraHvpBwaEyMN29ry+0UVJhImYL16xsscu0aske3yA+uPOWfw==",
      "dependencies": [
        "undici-types"
      ]
    },
    "graphql@15.10.1": {
      "integrity": "sha512-BL/Xd/T9baO6NFzoMpiMD7YUZ62R6viR5tp/MULVEnbYJXZA//kRNW7J0j1w/wXArgL0sCxhDfK5dczSKn3+cg=="
    },
    "graphql@16.10.0": {
      "integrity": "sha512-AjqGKbDGUFRKIRCP9tCKiIGHyriz2oHEbPIbEtcSLSs4YjReZOIPQQWek4+6hjw62H9QShXHyaGivGiYVLeYFQ=="
    },
    "undici-types@6.20.0": {
      "integrity": "sha512-Ny6QZ2Nju20vw1SRHe3d9jVu6gJ+4e3+MMpqu7pqE5HT6WsTSlce++GQmK5UXS8mzV8DSYHrQH+Xrf2jVcuKNg=="
    }
  },
  "workspace": {
    "packageJson": {
      "dependencies": [
        "npm:@graphql-typed-document-node/core@^3.2.0",
        "npm:@graphql-typed-document-node/graphql@1",
        "npm:@types/node@^22.13.0"
      ]
    }
  }
}
